<?xml version="1.0" encoding="utf-8"?>
<Project ToolsVersion="4.0" xmlns="http://schemas.microsoft.com/developer/msbuild/2003">
  <ItemGroup>
    <ClCompile Include="CameraController.cpp">
      <Filter>camera</Filter>
    </ClCompile>
    <ClCompile Include="FlyingCamera.cpp">
      <Filter>camera</Filter>
    </ClCompile>
    <ClCompile Include="main.cpp">
      <Filter>main</Filter>
    </ClCompile>
    <ClCompile Include="ShaderProgram.cpp">
      <Filter>shader</Filter>
    </ClCompile>
    <ClCompile Include="stdafx.cpp">
      <Filter>main</Filter>
    </ClCompile>
    <ClCompile Include="LightSource.cpp">
      <Filter>shader</Filter>
    </ClCompile>
    <ClCompile Include="GameScene.cpp">
      <Filter>scene</Filter>
    </ClCompile>
    <ClCompile Include="MeshP3N3T2.cpp">
      <Filter>scene</Filter>
    </ClCompile>
    <ClCompile Include="TextureUtils.cpp">
      <Filter>scene</Filter>
    </ClCompile>
    <ClCompile Include="Texture2DAtlas.cpp">
      <Filter>scene</Filter>
    </ClCompile>

    <ClCompile Include="Tile.cpp">
		<Filter>scene</Filter>
    </ClCompile>
    <ClCompile Include="ScoreController.cpp">
      <Filter>scene</Filter>
    </ClCompile>
  </ItemGroup>
  <ItemGroup>
    <ClInclude Include="CameraController.h">
      <Filter>camera</Filter>
    </ClInclude>
    <ClInclude Include="FlyingCamera.h">
      <Filter>camera</Filter>
    </ClInclude>
    <ClInclude Include="ICameraController.h">
      <Filter>camera</Filter>
    </ClInclude>
    <ClInclude Include="IFlyingCamera.h">
      <Filter>camera</Filter>
    </ClInclude>
    <ClInclude Include="ShaderProgram.h">
      <Filter>shader</Filter>
    </ClInclude>
    <ClInclude Include="Enumerations.h">
      <Filter>shader</Filter>
    </ClInclude>
    <ClInclude Include="IShaderProgram.h">
      <Filter>shader</Filter>
    </ClInclude>
    <ClInclude Include="LightSource.h">
      <Filter>shader</Filter>
    </ClInclude>
    <ClInclude Include="stdafx.h">
      <Filter>main</Filter>
    </ClInclude>
    <ClInclude Include="GameScene.h">
      <Filter>scene</Filter>
    </ClInclude>
    <ClInclude Include="MeshP3N3T2.h">
      <Filter>scene</Filter>
    </ClInclude>
    <ClInclude Include="TextureUtils.h">
      <Filter>scene</Filter>
    </ClInclude>
    <ClInclude Include="Texture2DAtlas.h">
      <Filter>scene</Filter>
    </ClInclude>
<<<<<<< HEAD
    <ClInclude Include="Tile.h">
=======
    <ClInclude Include="ScoreController.h">
>>>>>>> fcbd91ff74e46c6b00e9553757d5386ecaa427cc
      <Filter>scene</Filter>
    </ClInclude>
  </ItemGroup>
  <ItemGroup>
    <None Include="copy_res.bat">
      <Filter>main</Filter>
    </None>
    <None Include="res\phong_lighting.frag">
      <Filter>res</Filter>
    </None>
    <None Include="res\phong_lighting.vert">
      <Filter>res</Filter>
    </None>
  </ItemGroup>
  <ItemGroup>
    <Filter Include="main">
      <UniqueIdentifier>{c29be900-3ec6-47f4-a907-48ba7c2d66f6}</UniqueIdentifier>
    </Filter>
    <Filter Include="camera">
      <UniqueIdentifier>{a11a449b-6ede-4a88-9746-18eee861408d}</UniqueIdentifier>
    </Filter>
    <Filter Include="scene">
      <UniqueIdentifier>{cec52a84-ced6-40d1-afe3-6c57b98be788}</UniqueIdentifier>
    </Filter>
    <Filter Include="shader">
      <UniqueIdentifier>{20e69e38-bf7d-4c5b-8e2d-d24e7a67d0a4}</UniqueIdentifier>
    </Filter>
    <Filter Include="res">
      <UniqueIdentifier>{c05dcfdd-4624-42e4-8b16-1c75bc9d191a}</UniqueIdentifier>
    </Filter>
  </ItemGroup>
</Project>