<?xml version="1.0" encoding="utf-8"?>
<Project ToolsVersion="4.0" xmlns="http://schemas.microsoft.com/developer/msbuild/2003">
  <ItemGroup>
    <ClCompile Include="ShaderProgram.cpp">
      <Filter>shading</Filter>
    </ClCompile>
    <ClCompile Include="CameraController.cpp">
      <Filter>camera</Filter>
    </ClCompile>
    <ClCompile Include="ParticlesScene.cpp">
      <Filter>scene</Filter>
    </ClCompile>
    <ClCompile Include="ParticlesSceneLoader.cpp">
      <Filter>scene</Filter>
    </ClCompile>
    <ClCompile Include="ParticleSystem.cpp">
      <Filter>scene</Filter>
    </ClCompile>
    <ClCompile Include="ParticleEmitter.cpp">
      <Filter>scene</Filter>
    </ClCompile>
    <ClCompile Include="FlyingCamera.cpp">
      <Filter>camera</Filter>
    </ClCompile>
    <ClCompile Include="LightSource.cpp">
      <Filter>shading</Filter>
    </ClCompile>
    <ClCompile Include="SceneGraph.cpp">
      <Filter>scene</Filter>
    </ClCompile>
    <ClCompile Include="main.cpp">
      <Filter>main</Filter>
    </ClCompile>
    <ClCompile Include="stdafx.cpp">
      <Filter>main</Filter>
    </ClCompile>
    <ClCompile Include="TextureUtils.cpp">
      <Filter>scene</Filter>
    </ClCompile>
  </ItemGroup>
  <ItemGroup>
    <ClInclude Include="IShaderProgram.h">
      <Filter>shading</Filter>
    </ClInclude>
    <ClInclude Include="ShaderProgram.h">
      <Filter>shading</Filter>
    </ClInclude>
    <ClInclude Include="CameraController.h">
      <Filter>camera</Filter>
    </ClInclude>
    <ClInclude Include="ClampedNormalDistribution.h">
      <Filter>scene</Filter>
    </ClInclude>
    <ClInclude Include="ParticleSystem.h">
      <Filter>scene</Filter>
    </ClInclude>
    <ClInclude Include="ParticleEmitter.h">
      <Filter>scene</Filter>
    </ClInclude>
    <ClInclude Include="ParticlesScene.h">
      <Filter>scene</Filter>
    </ClInclude>
    <ClInclude Include="ParticlesSceneLoader.h">
      <Filter>scene</Filter>
    </ClInclude>
    <ClInclude Include="Enumerations.h">
      <Filter>shading</Filter>
    </ClInclude>
    <ClInclude Include="FlyingCamera.h">
      <Filter>camera</Filter>
    </ClInclude>
    <ClInclude Include="ICameraController.h">
      <Filter>camera</Filter>
    </ClInclude>
    <ClInclude Include="IFlyingCamera.h">
      <Filter>camera</Filter>
    </ClInclude>
    <ClInclude Include="LightSource.h">
      <Filter>shading</Filter>
    </ClInclude>
    <ClInclude Include="SceneGraph.h">
      <Filter>scene</Filter>
    </ClInclude>
    <ClInclude Include="stdafx.h">
      <Filter>main</Filter>
    </ClInclude>
    <ClInclude Include="TextureUtils.h">
      <Filter>shading</Filter>
    </ClInclude>
  </ItemGroup>
  <ItemGroup>
    <Filter Include="scene">
      <UniqueIdentifier>{0d077479-9ad1-4a6a-8ac7-fe43e92d15a0}</UniqueIdentifier>
    </Filter>
    <Filter Include="main">
      <UniqueIdentifier>{c3bcbf08-e462-4884-96bb-ae0facdb890c}</UniqueIdentifier>
    </Filter>
    <Filter Include="res">
      <UniqueIdentifier>{445c49dc-ee63-4dee-9dcd-7b85490a5937}</UniqueIdentifier>
    </Filter>
    <Filter Include="camera">
      <UniqueIdentifier>{8b7a1fb6-a308-499c-8842-5dea69b686cb}</UniqueIdentifier>
    </Filter>
    <Filter Include="shading">
      <UniqueIdentifier>{37ff8468-73ef-4658-9799-fe108593625b}</UniqueIdentifier>
    </Filter>
  </ItemGroup>
  <ItemGroup>
    <None Include="res\particles.frag">
      <Filter>res</Filter>
    </None>
    <None Include="res\particles.vert">
      <Filter>res</Filter>
    </None>
    <None Include="res\scene.json">
      <Filter>res</Filter>
    </None>
    <None Include="copy_res.bat">
      <Filter>main</Filter>
    </None>
  </ItemGroup>
  <ItemGroup>
    <Image Include="res\BoilingFoam.png">
      <Filter>res</Filter>
    </Image>
    <Image Include="res\Burst.png">
      <Filter>res</Filter>
    </Image>
  </ItemGroup>
</Project>